
Microsoft Visual Studio Solution File, Format Version 12.00
# Visual Studio Version 16
VisualStudioVersion = 16.0.31026.101
MinimumVisualStudioVersion = 10.0.40219.1
Project("{9A19103F-16F7-4668-BE54-9A1E7A4F7556}") = "FactorialExample", "AutomationTraining\FactorialExample.csproj", "{3A5D5AE5-269A-40A6-A411-CDAA9BC85214}"
EndProject
Project("{9A19103F-16F7-4668-BE54-9A1E7A4F7556}") = "FebonacciExample", "FebonacciExample\FebonacciExample.csproj", "{03B7380B-8EFB-434B-BA15-3C18F3309A0B}"
EndProject
Project("{9A19103F-16F7-4668-BE54-9A1E7A4F7556}") = "ListExample", "ListExample\ListExample.csproj", "{DEF9E286-3468-4069-B537-35E020E73A90}"
EndProject
Project("{FAE04EC0-301F-11D3-BF4B-00C04F79EFBC}") = "Interface_SecondAssignment", "Interface\Interface_SecondAssignment.csproj", "{E5CAD30E-1AD2-4368-AFEB-34E57F0E0EAE}"
EndProject
Project("{FAE04EC0-301F-11D3-BF4B-00C04F79EFBC}") = "Employee", "Employee\Employee.csproj", "{8F45E3A8-9B34-4244-99F9-9651EE73F528}"
EndProject
Project("{FAE04EC0-301F-11D3-BF4B-00C04F79EFBC}") = "Calculator_Assignment1", "Calculator_Assignment1\Calculator_Assignment1.csproj", "{53F9F870-D31B-4C6A-A2CA-262B523446C2}"
EndProject
Project("{FAE04EC0-301F-11D3-BF4B-00C04F79EFBC}") = "Utility_Assignment2", "Utility_Assignment2\Utility_Assignment2.csproj", "{F93F2C12-59E7-47FE-9E96-7B2C613E737C}"
EndProject
Global
	GlobalSection(SolutionConfigurationPlatforms) = preSolution
		Debug|Any CPU = Debug|Any CPU
		Release|Any CPU = Release|Any CPU
	EndGlobalSection
	GlobalSection(ProjectConfigurationPlatforms) = postSolution
		{3A5D5AE5-269A-40A6-A411-CDAA9BC85214}.Debug|Any CPU.ActiveCfg = Debug|Any CPU
		{3A5D5AE5-269A-40A6-A411-CDAA9BC85214}.Debug|Any CPU.Build.0 = Debug|Any CPU
		{3A5D5AE5-269A-40A6-A411-CDAA9BC85214}.Release|Any CPU.ActiveCfg = Release|Any CPU
		{3A5D5AE5-269A-40A6-A411-CDAA9BC85214}.Release|Any CPU.Build.0 = Release|Any CPU
		{03B7380B-8EFB-434B-BA15-3C18F3309A0B}.Debug|Any CPU.ActiveCfg = Debug|Any CPU
		{03B7380B-8EFB-434B-BA15-3C18F3309A0B}.Debug|Any CPU.Build.0 = Debug|Any CPU
		{03B7380B-8EFB-434B-BA15-3C18F3309A0B}.Release|Any CPU.ActiveCfg = Release|Any CPU
		{03B7380B-8EFB-434B-BA15-3C18F3309A0B}.Release|Any CPU.Build.0 = Release|Any CPU
		{DEF9E286-3468-4069-B537-35E020E73A90}.Debug|Any CPU.ActiveCfg = Debug|Any CPU
		{DEF9E286-3468-4069-B537-35E020E73A90}.Debug|Any CPU.Build.0 = Debug|Any CPU
		{DEF9E286-3468-4069-B537-35E020E73A90}.Release|Any CPU.ActiveCfg = Release|Any CPU
		{DEF9E286-3468-4069-B537-35E020E73A90}.Release|Any CPU.Build.0 = Release|Any CPU
		{E5CAD30E-1AD2-4368-AFEB-34E57F0E0EAE}.Debug|Any CPU.ActiveCfg = Debug|Any CPU
		{E5CAD30E-1AD2-4368-AFEB-34E57F0E0EAE}.Debug|Any CPU.Build.0 = Debug|Any CPU
		{E5CAD30E-1AD2-4368-AFEB-34E57F0E0EAE}.Release|Any CPU.ActiveCfg = Release|Any CPU
		{E5CAD30E-1AD2-4368-AFEB-34E57F0E0EAE}.Release|Any CPU.Build.0 = Release|Any CPU
		{8F45E3A8-9B34-4244-99F9-9651EE73F528}.Debug|Any CPU.ActiveCfg = Debug|Any CPU
		{8F45E3A8-9B34-4244-99F9-9651EE73F528}.Debug|Any CPU.Build.0 = Debug|Any CPU
		{8F45E3A8-9B34-4244-99F9-9651EE73F528}.Release|Any CPU.ActiveCfg = Release|Any CPU
		{8F45E3A8-9B34-4244-99F9-9651EE73F528}.Release|Any CPU.Build.0 = Release|Any CPU
		{53F9F870-D31B-4C6A-A2CA-262B523446C2}.Debug|Any CPU.ActiveCfg = Debug|Any CPU
		{53F9F870-D31B-4C6A-A2CA-262B523446C2}.Debug|Any CPU.Build.0 = Debug|Any CPU
		{53F9F870-D31B-4C6A-A2CA-262B523446C2}.Release|Any CPU.ActiveCfg = Release|Any CPU
		{53F9F870-D31B-4C6A-A2CA-262B523446C2}.Release|Any CPU.Build.0 = Release|Any CPU
		{F93F2C12-59E7-47FE-9E96-7B2C613E737C}.Debug|Any CPU.ActiveCfg = Debug|Any CPU
		{F93F2C12-59E7-47FE-9E96-7B2C613E737C}.Debug|Any CPU.Build.0 = Debug|Any CPU
		{F93F2C12-59E7-47FE-9E96-7B2C613E737C}.Release|Any CPU.ActiveCfg = Release|Any CPU
		{F93F2C12-59E7-47FE-9E96-7B2C613E737C}.Release|Any CPU.Build.0 = Release|Any CPU
	EndGlobalSection
	GlobalSection(SolutionProperties) = preSolution
		HideSolutionNode = FALSE
	EndGlobalSection
	GlobalSection(ExtensibilityGlobals) = postSolution
		SolutionGuid = {2D85A471-F3AD-4695-B829-F1A64EC0AF43}
	EndGlobalSection
EndGlobal
